
Microsoft Visual Studio Solution File, Format Version 12.00
# Visual Studio Version 17
VisualStudioVersion = 17.3.32922.545
MinimumVisualStudioVersion = 10.0.40219.1
Project("{FAE04EC0-301F-11D3-BF4B-00C04F79EFBC}") = "Pie Chart", "Pie Chart\Pie Chart.csproj", "{EE5AED7C-68B3-4DE6-B855-A1DCFB52A368}"
EndProject
Global
	GlobalSection(SolutionConfigurationPlatforms) = preSolution
		Debug|Any CPU = Debug|Any CPU
		Release|Any CPU = Release|Any CPU
	EndGlobalSection
	GlobalSection(ProjectConfigurationPlatforms) = postSolution
		{EE5AED7C-68B3-4DE6-B855-A1DCFB52A368}.Debug|Any CPU.ActiveCfg = Debug|Any CPU
		{EE5AED7C-68B3-4DE6-B855-A1DCFB52A368}.Debug|Any CPU.Build.0 = Debug|Any CPU
		{EE5AED7C-68B3-4DE6-B855-A1DCFB52A368}.Release|Any CPU.ActiveCfg = Release|Any CPU
		{EE5AED7C-68B3-4DE6-B855-A1DCFB52A368}.Release|Any CPU.Build.0 = Release|Any CPU
	EndGlobalSection
	GlobalSection(SolutionProperties) = preSolution
		HideSolutionNode = FALSE
	EndGlobalSection
	GlobalSection(ExtensibilityGlobals) = postSolution
		SolutionGuid = {35ADB62F-4163-4A8E-BEF6-BED5B5B2A4A3}
	EndGlobalSection
EndGlobal
